
Microsoft Visual Studio Solution File, Format Version 12.00
# Visual Studio 15
VisualStudioVersion = 15.0.26124.0
MinimumVisualStudioVersion = 15.0.26124.0
Project("{FAE04EC0-301F-11D3-BF4B-00C04F79EFBC}") = "ProAgil.WebAPI", "ProAgil.WebAPI\ProAgil.WebAPI.csproj", "{BE913DDB-BF12-44A1-98E9-0594AC97D276}"
EndProject
Project("{FAE04EC0-301F-11D3-BF4B-00C04F79EFBC}") = "ProAgil.Repository", "ProAgil.Repository\ProAgil.Repository.csproj", "{E380147B-E46E-4439-B261-2A55C633E3E3}"
EndProject
Project("{FAE04EC0-301F-11D3-BF4B-00C04F79EFBC}") = "ProAgil.Domain", "ProAgil.Domain\ProAgil.Domain.csproj", "{F27C3E9A-2363-4619-A5E5-5CCE5B7B4A18}"
EndProject
Global
	GlobalSection(SolutionConfigurationPlatforms) = preSolution
		Debug|Any CPU = Debug|Any CPU
		Debug|x64 = Debug|x64
		Debug|x86 = Debug|x86
		Release|Any CPU = Release|Any CPU
		Release|x64 = Release|x64
		Release|x86 = Release|x86
	EndGlobalSection
	GlobalSection(SolutionProperties) = preSolution
		HideSolutionNode = FALSE
	EndGlobalSection
	GlobalSection(ProjectConfigurationPlatforms) = postSolution
		{BE913DDB-BF12-44A1-98E9-0594AC97D276}.Debug|Any CPU.ActiveCfg = Debug|Any CPU
		{BE913DDB-BF12-44A1-98E9-0594AC97D276}.Debug|Any CPU.Build.0 = Debug|Any CPU
		{BE913DDB-BF12-44A1-98E9-0594AC97D276}.Debug|x64.ActiveCfg = Debug|Any CPU
		{BE913DDB-BF12-44A1-98E9-0594AC97D276}.Debug|x64.Build.0 = Debug|Any CPU
		{BE913DDB-BF12-44A1-98E9-0594AC97D276}.Debug|x86.ActiveCfg = Debug|Any CPU
		{BE913DDB-BF12-44A1-98E9-0594AC97D276}.Debug|x86.Build.0 = Debug|Any CPU
		{BE913DDB-BF12-44A1-98E9-0594AC97D276}.Release|Any CPU.ActiveCfg = Release|Any CPU
		{BE913DDB-BF12-44A1-98E9-0594AC97D276}.Release|Any CPU.Build.0 = Release|Any CPU
		{BE913DDB-BF12-44A1-98E9-0594AC97D276}.Release|x64.ActiveCfg = Release|Any CPU
		{BE913DDB-BF12-44A1-98E9-0594AC97D276}.Release|x64.Build.0 = Release|Any CPU
		{BE913DDB-BF12-44A1-98E9-0594AC97D276}.Release|x86.ActiveCfg = Release|Any CPU
		{BE913DDB-BF12-44A1-98E9-0594AC97D276}.Release|x86.Build.0 = Release|Any CPU
		{E380147B-E46E-4439-B261-2A55C633E3E3}.Debug|Any CPU.ActiveCfg = Debug|Any CPU
		{E380147B-E46E-4439-B261-2A55C633E3E3}.Debug|Any CPU.Build.0 = Debug|Any CPU
		{E380147B-E46E-4439-B261-2A55C633E3E3}.Debug|x64.ActiveCfg = Debug|Any CPU
		{E380147B-E46E-4439-B261-2A55C633E3E3}.Debug|x64.Build.0 = Debug|Any CPU
		{E380147B-E46E-4439-B261-2A55C633E3E3}.Debug|x86.ActiveCfg = Debug|Any CPU
		{E380147B-E46E-4439-B261-2A55C633E3E3}.Debug|x86.Build.0 = Debug|Any CPU
		{E380147B-E46E-4439-B261-2A55C633E3E3}.Release|Any CPU.ActiveCfg = Release|Any CPU
		{E380147B-E46E-4439-B261-2A55C633E3E3}.Release|Any CPU.Build.0 = Release|Any CPU
		{E380147B-E46E-4439-B261-2A55C633E3E3}.Release|x64.ActiveCfg = Release|Any CPU
		{E380147B-E46E-4439-B261-2A55C633E3E3}.Release|x64.Build.0 = Release|Any CPU
		{E380147B-E46E-4439-B261-2A55C633E3E3}.Release|x86.ActiveCfg = Release|Any CPU
		{E380147B-E46E-4439-B261-2A55C633E3E3}.Release|x86.Build.0 = Release|Any CPU
		{F27C3E9A-2363-4619-A5E5-5CCE5B7B4A18}.Debug|Any CPU.ActiveCfg = Debug|Any CPU
		{F27C3E9A-2363-4619-A5E5-5CCE5B7B4A18}.Debug|Any CPU.Build.0 = Debug|Any CPU
		{F27C3E9A-2363-4619-A5E5-5CCE5B7B4A18}.Debug|x64.ActiveCfg = Debug|Any CPU
		{F27C3E9A-2363-4619-A5E5-5CCE5B7B4A18}.Debug|x64.Build.0 = Debug|Any CPU
		{F27C3E9A-2363-4619-A5E5-5CCE5B7B4A18}.Debug|x86.ActiveCfg = Debug|Any CPU
		{F27C3E9A-2363-4619-A5E5-5CCE5B7B4A18}.Debug|x86.Build.0 = Debug|Any CPU
		{F27C3E9A-2363-4619-A5E5-5CCE5B7B4A18}.Release|Any CPU.ActiveCfg = Release|Any CPU
		{F27C3E9A-2363-4619-A5E5-5CCE5B7B4A18}.Release|Any CPU.Build.0 = Release|Any CPU
		{F27C3E9A-2363-4619-A5E5-5CCE5B7B4A18}.Release|x64.ActiveCfg = Release|Any CPU
		{F27C3E9A-2363-4619-A5E5-5CCE5B7B4A18}.Release|x64.Build.0 = Release|Any CPU
		{F27C3E9A-2363-4619-A5E5-5CCE5B7B4A18}.Release|x86.ActiveCfg = Release|Any CPU
		{F27C3E9A-2363-4619-A5E5-5CCE5B7B4A18}.Release|x86.Build.0 = Release|Any CPU
	EndGlobalSection
EndGlobal
